
Microsoft Visual Studio Solution File, Format Version 12.00
# Visual Studio 15
VisualStudioVersion = 15.0.28010.2036
MinimumVisualStudioVersion = 10.0.40219.1
Project("{8BC9CEB8-8B4A-11D0-8D11-00A0C91BC942}") = "cudaTest", "cudaTest.vcxproj", "{766FF537-DC0B-4D21-AE2B-435E52A2487E}"
EndProject
Global
	GlobalSection(SolutionConfigurationPlatforms) = preSolution
		Debug|x64 = Debug|x64
		Debug|x86 = Debug|x86
		Release|x64 = Release|x64
		Release|x86 = Release|x86
	EndGlobalSection
	GlobalSection(ProjectConfigurationPlatforms) = postSolution
		{766FF537-DC0B-4D21-AE2B-435E52A2487E}.Debug|x64.ActiveCfg = Debug|x64
		{766FF537-DC0B-4D21-AE2B-435E52A2487E}.Debug|x64.Build.0 = Debug|x64
		{766FF537-DC0B-4D21-AE2B-435E52A2487E}.Debug|x86.ActiveCfg = Debug|Win32
		{766FF537-DC0B-4D21-AE2B-435E52A2487E}.Debug|x86.Build.0 = Debug|Win32
		{766FF537-DC0B-4D21-AE2B-435E52A2487E}.Release|x64.ActiveCfg = Release|x64
		{766FF537-DC0B-4D21-AE2B-435E52A2487E}.Release|x64.Build.0 = Release|x64
		{766FF537-DC0B-4D21-AE2B-435E52A2487E}.Release|x86.ActiveCfg = Release|Win32
		{766FF537-DC0B-4D21-AE2B-435E52A2487E}.Release|x86.Build.0 = Release|Win32
	EndGlobalSection
	GlobalSection(SolutionProperties) = preSolution
		HideSolutionNode = FALSE
	EndGlobalSection
	GlobalSection(ExtensibilityGlobals) = postSolution
		SolutionGuid = {CC4407B6-DCEC-4D80-8EDC-F7258F21CF5E}
	EndGlobalSection
EndGlobal
